
Microsoft Visual Studio Solution File, Format Version 11.00
# Visual Studio 2010
Project("{6989167D-11E4-40FE-8C1A-2192A86A7E90}") = "MAESPAV1.9", "MAESPAV1.9\MAESPAV1.9.vfproj", "{7F9A1D90-81D2-498D-B7E8-B267BC30460F}"
EndProject
Global
	GlobalSection(SolutionConfigurationPlatforms) = preSolution
		Debug|Win32 = Debug|Win32
		Release|Win32 = Release|Win32
	EndGlobalSection
	GlobalSection(ProjectConfigurationPlatforms) = postSolution
		{7F9A1D90-81D2-498D-B7E8-B267BC30460F}.Debug|Win32.ActiveCfg = Debug|Win32
		{7F9A1D90-81D2-498D-B7E8-B267BC30460F}.Debug|Win32.Build.0 = Debug|Win32
		{7F9A1D90-81D2-498D-B7E8-B267BC30460F}.Release|Win32.ActiveCfg = Release|Win32
		{7F9A1D90-81D2-498D-B7E8-B267BC30460F}.Release|Win32.Build.0 = Release|Win32
	EndGlobalSection
	GlobalSection(SolutionProperties) = preSolution
		HideSolutionNode = FALSE
	EndGlobalSection
EndGlobal
